
Microsoft Visual Studio Solution File, Format Version 12.00
# Visual Studio Version 17
VisualStudioVersion = 17.0.31903.59
MinimumVisualStudioVersion = 10.0.40219.1
Project("{FAE04EC0-301F-11D3-BF4B-00C04F79EFBC}") = "ChatServer", "ChatServer\ChatServer.csproj", "{C75B2A57-B669-4659-9880-FE457A421B40}"
EndProject
Global
	GlobalSection(SolutionConfigurationPlatforms) = preSolution
		Debug|Any CPU = Debug|Any CPU
		Release|Any CPU = Release|Any CPU
	EndGlobalSection
	GlobalSection(SolutionProperties) = preSolution
		HideSolutionNode = FALSE
	EndGlobalSection
	GlobalSection(ProjectConfigurationPlatforms) = postSolution
		{C75B2A57-B669-4659-9880-FE457A421B40}.Debug|Any CPU.ActiveCfg = Debug|Any CPU
		{C75B2A57-B669-4659-9880-FE457A421B40}.Debug|Any CPU.Build.0 = Debug|Any CPU
		{C75B2A57-B669-4659-9880-FE457A421B40}.Release|Any CPU.ActiveCfg = Release|Any CPU
		{C75B2A57-B669-4659-9880-FE457A421B40}.Release|Any CPU.Build.0 = Release|Any CPU
	EndGlobalSection
EndGlobal
